{
  "name": "action-slack-notify",
  "version": "1.0.0",
  "lockfileVersion": 1,
  "requires": true,
  "dependencies": {
    "@actions/core": {
      "version": "1.2.6",
      "resolved": "https://artifactory.common.bluescape.com/api/npm/bluescape-repo/@actions/core/-/core-1.2.6.tgz",
      "integrity": "sha1-p41J9BpN7xjojOR8LKxhXVaUvwk="
    },
    "@types/node": {
      "version": "12.20.7",
      "resolved": "https://artifactory.common.bluescape.com/api/npm/bluescape-repo/@types/node/-/node-12.20.7.tgz",
      "integrity": "sha1-HLYf0MhcuH5yjEMQe1/YK2m8nvg=",
      "dev": true
    },
    "@types/node-fetch": {
      "version": "2.5.9",
      "resolved": "https://artifactory.common.bluescape.com/api/npm/bluescape-repo/@types/node-fetch/-/node-fetch-2.5.9.tgz",
      "integrity": "sha1-wEoSEVqkNvGJ45V5JyswXkd2IbQ=",
      "dev": true,
      "requires": {
        "@types/node": "*",
        "form-data": "^3.0.0"
      }
    },
    "@zeit/ncc": {
      "version": "0.22.3",
      "resolved": "https://artifactory.common.bluescape.com/api/npm/bluescape-repo/@zeit/ncc/-/ncc-0.22.3.tgz",
      "integrity": "sha1-/Ka4a0RUznp+Hn51UWXsBkV/Fs0=",
      "dev": true
    },
    "asynckit": {
      "version": "0.4.0",
      "resolved": "https://artifactory.common.bluescape.com/api/npm/bluescape-repo/asynckit/-/asynckit-0.4.0.tgz",
      "integrity": "sha1-x57Zf380y48robyXkLzDZkdLS3k=",
      "dev": true
    },
    "combined-stream": {
      "version": "1.0.8",
      "resolved": "https://artifactory.common.bluescape.com/api/npm/bluescape-repo/combined-stream/-/combined-stream-1.0.8.tgz",
      "integrity": "sha1-w9RaizT9cwYxoRCoolIGgrMdWn8=",
      "dev": true,
      "requires": {
        "delayed-stream": "~1.0.0"
      }
    },
    "delayed-stream": {
      "version": "1.0.0",
      "resolved": "https://artifactory.common.bluescape.com/api/npm/bluescape-repo/delayed-stream/-/delayed-stream-1.0.0.tgz",
      "integrity": "sha1-3zrhmayt+31ECqrgsp4icrJOxhk=",
      "dev": true
    },
    "form-data": {
      "version": "3.0.1",
      "resolved": "https://artifactory.common.bluescape.com/api/npm/bluescape-repo/form-data/-/form-data-3.0.1.tgz",
      "integrity": "sha1-69U3kbeDVqma+aMA1CgsTV65dV8=",
      "dev": true,
      "requires": {
        "asynckit": "^0.4.0",
        "combined-stream": "^1.0.8",
        "mime-types": "^2.1.12"
      }
    },
    "mime-db": {
      "version": "1.47.0",
      "resolved": "https://artifactory.common.bluescape.com/api/npm/bluescape-repo/mime-db/-/mime-db-1.47.0.tgz",
      "integrity": "sha1-jLMT5Zll08Bc+/iYkVomevRqM1w=",
      "dev": true
    },
    "mime-types": {
      "version": "2.1.30",
      "resolved": "https://artifactory.common.bluescape.com/api/npm/bluescape-repo/mime-types/-/mime-types-2.1.30.tgz",
      "integrity": "sha1-bnvotMR5gl+F7WMmaV23P5MF1i0=",
      "dev": true,
      "requires": {
        "mime-db": "1.47.0"
      }
    },
    "node-fetch": {
      "version": "2.6.1",
      "resolved": "https://artifactory.common.bluescape.com/api/npm/bluescape-repo/node-fetch/-/node-fetch-2.6.1.tgz",
      "integrity": "sha1-BFvTI2Mfdu0uK1VXM5RBa2OaAFI="
    },
    "typescript": {
      "version": "3.9.9",
      "resolved": "https://artifactory.common.bluescape.com/api/npm/bluescape-repo/typescript/-/typescript-3.9.9.tgz",
      "integrity": "sha1-5pkFxUvAaB0FGL1NWHzG8tCxpnQ=",
      "dev": true
    }
  }
}
